
Microsoft Visual Studio Solution File, Format Version 12.00
# Visual Studio Version 17
VisualStudioVersion = 17.4.33103.184
MinimumVisualStudioVersion = 10.0.40219.1
Project("{FAE04EC0-301F-11D3-BF4B-00C04F79EFBC}") = "CalculadoraIMC", "CalculadoraIMC\CalculadoraIMC.csproj", "{0F18ABB6-B743-486F-8D2B-CBDA8FD071C2}"
EndProject
Global
	GlobalSection(SolutionConfigurationPlatforms) = preSolution
		Debug|Any CPU = Debug|Any CPU
		Release|Any CPU = Release|Any CPU
	EndGlobalSection
	GlobalSection(ProjectConfigurationPlatforms) = postSolution
		{0F18ABB6-B743-486F-8D2B-CBDA8FD071C2}.Debug|Any CPU.ActiveCfg = Debug|Any CPU
		{0F18ABB6-B743-486F-8D2B-CBDA8FD071C2}.Debug|Any CPU.Build.0 = Debug|Any CPU
		{0F18ABB6-B743-486F-8D2B-CBDA8FD071C2}.Release|Any CPU.ActiveCfg = Release|Any CPU
		{0F18ABB6-B743-486F-8D2B-CBDA8FD071C2}.Release|Any CPU.Build.0 = Release|Any CPU
	EndGlobalSection
	GlobalSection(SolutionProperties) = preSolution
		HideSolutionNode = FALSE
	EndGlobalSection
	GlobalSection(ExtensibilityGlobals) = postSolution
		SolutionGuid = {9EF3A764-3D02-487D-B216-7C3F26F6FE0D}
	EndGlobalSection
EndGlobal
